
Microsoft Visual Studio Solution File, Format Version 12.00
Project("{FAE04EC0-301F-11D3-BF4B-00C04F79EFBC}") = "APBD6", "APBD6.csproj", "{15378A17-9C8D-4693-AF0F-F2A7C6F107D4}"
EndProject
Global
	GlobalSection(SolutionConfigurationPlatforms) = preSolution
		Debug|Any CPU = Debug|Any CPU
		Release|Any CPU = Release|Any CPU
	EndGlobalSection
	GlobalSection(ProjectConfigurationPlatforms) = postSolution
		{15378A17-9C8D-4693-AF0F-F2A7C6F107D4}.Debug|Any CPU.ActiveCfg = Debug|Any CPU
		{15378A17-9C8D-4693-AF0F-F2A7C6F107D4}.Debug|Any CPU.Build.0 = Debug|Any CPU
		{15378A17-9C8D-4693-AF0F-F2A7C6F107D4}.Release|Any CPU.ActiveCfg = Release|Any CPU
		{15378A17-9C8D-4693-AF0F-F2A7C6F107D4}.Release|Any CPU.Build.0 = Release|Any CPU
	EndGlobalSection
EndGlobal
